
Microsoft Visual Studio Solution File, Format Version 12.00
# Visual Studio Version 17
VisualStudioVersion = 17.6.33723.286
MinimumVisualStudioVersion = 10.0.40219.1
Project("{9A19103F-16F7-4668-BE54-9A1E7A4F7556}") = "Order.API", "Order.API\Order.API.csproj", "{04936079-6E64-41F2-AC08-CCB83EF3A0B7}"
EndProject
Project("{9A19103F-16F7-4668-BE54-9A1E7A4F7556}") = "Shared", "Shared\Shared.csproj", "{78029EBB-3BB5-4A34-9243-57B0845C4F11}"
EndProject
Project("{9A19103F-16F7-4668-BE54-9A1E7A4F7556}") = "Stock.API", "Stock.API\Stock.API.csproj", "{FF3EA584-158B-46EE-851F-72FBA48F70E8}"
EndProject
Project("{FAE04EC0-301F-11D3-BF4B-00C04F79EFBC}") = "Payment.API", "Payment.API\Payment.API.csproj", "{9E399AA4-6914-4305-9031-691EB9444F50}"
EndProject
Global
	GlobalSection(SolutionConfigurationPlatforms) = preSolution
		Debug|Any CPU = Debug|Any CPU
		Release|Any CPU = Release|Any CPU
	EndGlobalSection
	GlobalSection(ProjectConfigurationPlatforms) = postSolution
		{04936079-6E64-41F2-AC08-CCB83EF3A0B7}.Debug|Any CPU.ActiveCfg = Debug|Any CPU
		{04936079-6E64-41F2-AC08-CCB83EF3A0B7}.Debug|Any CPU.Build.0 = Debug|Any CPU
		{04936079-6E64-41F2-AC08-CCB83EF3A0B7}.Release|Any CPU.ActiveCfg = Release|Any CPU
		{04936079-6E64-41F2-AC08-CCB83EF3A0B7}.Release|Any CPU.Build.0 = Release|Any CPU
		{78029EBB-3BB5-4A34-9243-57B0845C4F11}.Debug|Any CPU.ActiveCfg = Debug|Any CPU
		{78029EBB-3BB5-4A34-9243-57B0845C4F11}.Debug|Any CPU.Build.0 = Debug|Any CPU
		{78029EBB-3BB5-4A34-9243-57B0845C4F11}.Release|Any CPU.ActiveCfg = Release|Any CPU
		{78029EBB-3BB5-4A34-9243-57B0845C4F11}.Release|Any CPU.Build.0 = Release|Any CPU
		{FF3EA584-158B-46EE-851F-72FBA48F70E8}.Debug|Any CPU.ActiveCfg = Debug|Any CPU
		{FF3EA584-158B-46EE-851F-72FBA48F70E8}.Debug|Any CPU.Build.0 = Debug|Any CPU
		{FF3EA584-158B-46EE-851F-72FBA48F70E8}.Release|Any CPU.ActiveCfg = Release|Any CPU
		{FF3EA584-158B-46EE-851F-72FBA48F70E8}.Release|Any CPU.Build.0 = Release|Any CPU
		{9E399AA4-6914-4305-9031-691EB9444F50}.Debug|Any CPU.ActiveCfg = Debug|Any CPU
		{9E399AA4-6914-4305-9031-691EB9444F50}.Debug|Any CPU.Build.0 = Debug|Any CPU
		{9E399AA4-6914-4305-9031-691EB9444F50}.Release|Any CPU.ActiveCfg = Release|Any CPU
		{9E399AA4-6914-4305-9031-691EB9444F50}.Release|Any CPU.Build.0 = Release|Any CPU
	EndGlobalSection
	GlobalSection(SolutionProperties) = preSolution
		HideSolutionNode = FALSE
	EndGlobalSection
	GlobalSection(ExtensibilityGlobals) = postSolution
		SolutionGuid = {3DDFA328-265D-4775-90CC-0295ACB79BEE}
	EndGlobalSection
EndGlobal
